
Microsoft Visual Studio Solution File, Format Version 12.00
# Visual Studio 2012
Project("{FAE04EC0-301F-11D3-BF4B-00C04F79EFBC}") = "PrimesCalcControl", "PrimesCalcControl\PrimesCalcControl.csproj", "{F9E77637-C349-45EC-8368-661B5E91E2D3}"
EndProject
Project("{FAE04EC0-301F-11D3-BF4B-00C04F79EFBC}") = "QuadruplePrimesCalc", "QuadruplePrimesCalc\QuadruplePrimesCalc.csproj", "{AB33F9FE-92CF-45DA-888F-C745103AAFCA}"
EndProject
Global
	GlobalSection(SolutionConfigurationPlatforms) = preSolution
		Debug|Any CPU = Debug|Any CPU
		Debug|ARM = Debug|ARM
		Debug|x64 = Debug|x64
		Debug|x86 = Debug|x86
		Release|Any CPU = Release|Any CPU
		Release|ARM = Release|ARM
		Release|x64 = Release|x64
		Release|x86 = Release|x86
	EndGlobalSection
	GlobalSection(ProjectConfigurationPlatforms) = postSolution
		{F9E77637-C349-45EC-8368-661B5E91E2D3}.Debug|Any CPU.ActiveCfg = Debug|Any CPU
		{F9E77637-C349-45EC-8368-661B5E91E2D3}.Debug|Any CPU.Build.0 = Debug|Any CPU
		{F9E77637-C349-45EC-8368-661B5E91E2D3}.Debug|ARM.ActiveCfg = Debug|ARM
		{F9E77637-C349-45EC-8368-661B5E91E2D3}.Debug|ARM.Build.0 = Debug|ARM
		{F9E77637-C349-45EC-8368-661B5E91E2D3}.Debug|x64.ActiveCfg = Debug|x64
		{F9E77637-C349-45EC-8368-661B5E91E2D3}.Debug|x64.Build.0 = Debug|x64
		{F9E77637-C349-45EC-8368-661B5E91E2D3}.Debug|x86.ActiveCfg = Debug|x86
		{F9E77637-C349-45EC-8368-661B5E91E2D3}.Debug|x86.Build.0 = Debug|x86
		{F9E77637-C349-45EC-8368-661B5E91E2D3}.Release|Any CPU.ActiveCfg = Release|Any CPU
		{F9E77637-C349-45EC-8368-661B5E91E2D3}.Release|Any CPU.Build.0 = Release|Any CPU
		{F9E77637-C349-45EC-8368-661B5E91E2D3}.Release|ARM.ActiveCfg = Release|ARM
		{F9E77637-C349-45EC-8368-661B5E91E2D3}.Release|ARM.Build.0 = Release|ARM
		{F9E77637-C349-45EC-8368-661B5E91E2D3}.Release|x64.ActiveCfg = Release|x64
		{F9E77637-C349-45EC-8368-661B5E91E2D3}.Release|x64.Build.0 = Release|x64
		{F9E77637-C349-45EC-8368-661B5E91E2D3}.Release|x86.ActiveCfg = Release|x86
		{F9E77637-C349-45EC-8368-661B5E91E2D3}.Release|x86.Build.0 = Release|x86
		{AB33F9FE-92CF-45DA-888F-C745103AAFCA}.Debug|Any CPU.ActiveCfg = Debug|Any CPU
		{AB33F9FE-92CF-45DA-888F-C745103AAFCA}.Debug|Any CPU.Build.0 = Debug|Any CPU
		{AB33F9FE-92CF-45DA-888F-C745103AAFCA}.Debug|Any CPU.Deploy.0 = Debug|Any CPU
		{AB33F9FE-92CF-45DA-888F-C745103AAFCA}.Debug|ARM.ActiveCfg = Debug|ARM
		{AB33F9FE-92CF-45DA-888F-C745103AAFCA}.Debug|ARM.Build.0 = Debug|ARM
		{AB33F9FE-92CF-45DA-888F-C745103AAFCA}.Debug|ARM.Deploy.0 = Debug|ARM
		{AB33F9FE-92CF-45DA-888F-C745103AAFCA}.Debug|x64.ActiveCfg = Debug|x64
		{AB33F9FE-92CF-45DA-888F-C745103AAFCA}.Debug|x64.Build.0 = Debug|x64
		{AB33F9FE-92CF-45DA-888F-C745103AAFCA}.Debug|x64.Deploy.0 = Debug|x64
		{AB33F9FE-92CF-45DA-888F-C745103AAFCA}.Debug|x86.ActiveCfg = Debug|x86
		{AB33F9FE-92CF-45DA-888F-C745103AAFCA}.Debug|x86.Build.0 = Debug|x86
		{AB33F9FE-92CF-45DA-888F-C745103AAFCA}.Debug|x86.Deploy.0 = Debug|x86
		{AB33F9FE-92CF-45DA-888F-C745103AAFCA}.Release|Any CPU.ActiveCfg = Release|Any CPU
		{AB33F9FE-92CF-45DA-888F-C745103AAFCA}.Release|Any CPU.Build.0 = Release|Any CPU
		{AB33F9FE-92CF-45DA-888F-C745103AAFCA}.Release|Any CPU.Deploy.0 = Release|Any CPU
		{AB33F9FE-92CF-45DA-888F-C745103AAFCA}.Release|ARM.ActiveCfg = Release|ARM
		{AB33F9FE-92CF-45DA-888F-C745103AAFCA}.Release|ARM.Build.0 = Release|ARM
		{AB33F9FE-92CF-45DA-888F-C745103AAFCA}.Release|ARM.Deploy.0 = Release|ARM
		{AB33F9FE-92CF-45DA-888F-C745103AAFCA}.Release|x64.ActiveCfg = Release|x64
		{AB33F9FE-92CF-45DA-888F-C745103AAFCA}.Release|x64.Build.0 = Release|x64
		{AB33F9FE-92CF-45DA-888F-C745103AAFCA}.Release|x64.Deploy.0 = Release|x64
		{AB33F9FE-92CF-45DA-888F-C745103AAFCA}.Release|x86.ActiveCfg = Release|x86
		{AB33F9FE-92CF-45DA-888F-C745103AAFCA}.Release|x86.Build.0 = Release|x86
		{AB33F9FE-92CF-45DA-888F-C745103AAFCA}.Release|x86.Deploy.0 = Release|x86
	EndGlobalSection
	GlobalSection(SolutionProperties) = preSolution
		HideSolutionNode = FALSE
	EndGlobalSection
EndGlobal
